
Microsoft Visual Studio Solution File, Format Version 12.00
# Visual Studio Version 17
VisualStudioVersion = 17.0.31612.314
MinimumVisualStudioVersion = 10.0.40219.1
Project("{9A19103F-16F7-4668-BE54-9A1E7A4F7556}") = "EntityFrameworkCore.WeekOpdracht", "EntityFrameworkCore.WeekOpdracht\EntityFrameworkCore.WeekOpdracht.csproj", "{5255ABC9-5F4C-4FA1-899D-9493F302BA90}"
EndProject
Project("{9A19103F-16F7-4668-BE54-9A1E7A4F7556}") = "EntityFrameworkCore.WeekOpdracht.Business", "EntityFrameworkCore.WeekOpdracht.Business\EntityFrameworkCore.WeekOpdracht.Business.csproj", "{DA4C24C6-E382-4A69-A3A8-1F358B18773D}"
EndProject
Project("{FAE04EC0-301F-11D3-BF4B-00C04F79EFBC}") = "EntityFrameworkCore.WeekOpdracht.Console", "EntityFrameworkCore.WeekOpdracht.Console\EntityFrameworkCore.WeekOpdracht.Console.csproj", "{DB346111-7ED2-4B06-B4B1-A0BEF4B8842A}"
EndProject
Global
	GlobalSection(SolutionConfigurationPlatforms) = preSolution
		Debug|Any CPU = Debug|Any CPU
		Release|Any CPU = Release|Any CPU
	EndGlobalSection
	GlobalSection(ProjectConfigurationPlatforms) = postSolution
		{5255ABC9-5F4C-4FA1-899D-9493F302BA90}.Debug|Any CPU.ActiveCfg = Debug|Any CPU
		{5255ABC9-5F4C-4FA1-899D-9493F302BA90}.Debug|Any CPU.Build.0 = Debug|Any CPU
		{5255ABC9-5F4C-4FA1-899D-9493F302BA90}.Release|Any CPU.ActiveCfg = Release|Any CPU
		{5255ABC9-5F4C-4FA1-899D-9493F302BA90}.Release|Any CPU.Build.0 = Release|Any CPU
		{DA4C24C6-E382-4A69-A3A8-1F358B18773D}.Debug|Any CPU.ActiveCfg = Debug|Any CPU
		{DA4C24C6-E382-4A69-A3A8-1F358B18773D}.Debug|Any CPU.Build.0 = Debug|Any CPU
		{DA4C24C6-E382-4A69-A3A8-1F358B18773D}.Release|Any CPU.ActiveCfg = Release|Any CPU
		{DA4C24C6-E382-4A69-A3A8-1F358B18773D}.Release|Any CPU.Build.0 = Release|Any CPU
		{DB346111-7ED2-4B06-B4B1-A0BEF4B8842A}.Debug|Any CPU.ActiveCfg = Debug|Any CPU
		{DB346111-7ED2-4B06-B4B1-A0BEF4B8842A}.Debug|Any CPU.Build.0 = Debug|Any CPU
		{DB346111-7ED2-4B06-B4B1-A0BEF4B8842A}.Release|Any CPU.ActiveCfg = Release|Any CPU
		{DB346111-7ED2-4B06-B4B1-A0BEF4B8842A}.Release|Any CPU.Build.0 = Release|Any CPU
	EndGlobalSection
	GlobalSection(SolutionProperties) = preSolution
		HideSolutionNode = FALSE
	EndGlobalSection
	GlobalSection(ExtensibilityGlobals) = postSolution
		SolutionGuid = {6A26F64C-B7E8-4483-8F63-FDA45C3E3C57}
	EndGlobalSection
EndGlobal
